// !$*UTF8*$!
{
	archiveVersion = 1;
	classes = {
	};
	objectVersion = 50;
	objects = {

/* Begin PBXBuildFile section */
		220CC3AB2432A66500F711AA /* AppDelegate.swift in Sources */ = {isa = PBXBuildFile; fileRef = 220CC3AA2432A66500F711AA /* AppDelegate.swift */; };
		220CC3AD2432A66500F711AA /* SceneDelegate.swift in Sources */ = {isa = PBXBuildFile; fileRef = 220CC3AC2432A66500F711AA /* SceneDelegate.swift */; };
		220CC3AF2432A66500F711AA /* ViewController.swift in Sources */ = {isa = PBXBuildFile; fileRef = 220CC3AE2432A66500F711AA /* ViewController.swift */; };
		220CC3B22432A66500F711AA /* Main.storyboard in Resources */ = {isa = PBXBuildFile; fileRef = 220CC3B02432A66500F711AA /* Main.storyboard */; };
		220CC3B42432A66800F711AA /* Assets.xcassets in Resources */ = {isa = PBXBuildFile; fileRef = 220CC3B32432A66800F711AA /* Assets.xcassets */; };
		220CC3B72432A66800F711AA /* LaunchScreen.storyboard in Resources */ = {isa = PBXBuildFile; fileRef = 220CC3B52432A66800F711AA /* LaunchScreen.storyboard */; };
		220CC3C22432A66800F711AA /* PurdueMoonboardTests.swift in Sources */ = {isa = PBXBuildFile; fileRef = 220CC3C12432A66800F711AA /* PurdueMoonboardTests.swift */; };
		3658B2C2BB320FE060AC7D70 /* Pods_PurdueMoonboard.framework in Frameworks */ = {isa = PBXBuildFile; fileRef = 8FAFB6FE15BEFF2BB7A89AD8 /* Pods_PurdueMoonboard.framework */; };
		C5FD4A041CAC77955E653CD5 /* Pods_PurdueMoonboardTests.framework in Frameworks */ = {isa = PBXBuildFile; fileRef = 50E395A606098C60445A8F22 /* Pods_PurdueMoonboardTests.framework */; };
/* End PBXBuildFile section */

/* Begin PBXContainerItemProxy section */
		220CC3BE2432A66800F711AA /* PBXContainerItemProxy */ = {
			isa = PBXContainerItemProxy;
			containerPortal = 220CC39F2432A66500F711AA /* Project object */;
			proxyType = 1;
			remoteGlobalIDString = 220CC3A62432A66500F711AA;
			remoteInfo = PurdueMoonboard;
		};
/* End PBXContainerItemProxy section */

/* Begin PBXFileReference section */
		220CC3A72432A66500F711AA /* PurdueMoonboard.app */ = {isa = PBXFileReference; explicitFileType = wrapper.application; includeInIndex = 0; path = PurdueMoonboard.app; sourceTree = BUILT_PRODUCTS_DIR; };
		220CC3AA2432A66500F711AA /* AppDelegate.swift */ = {isa = PBXFileReference; lastKnownFileType = sourcecode.swift; path = AppDelegate.swift; sourceTree = "<group>"; };
		220CC3AC2432A66500F711AA /* SceneDelegate.swift */ = {isa = PBXFileReference; lastKnownFileType = sourcecode.swift; path = SceneDelegate.swift; sourceTree = "<group>"; };
		220CC3AE2432A66500F711AA /* ViewController.swift */ = {isa = PBXFileReference; lastKnownFileType = sourcecode.swift; path = ViewController.swift; sourceTree = "<group>"; };
		220CC3B12432A66500F711AA /* Base */ = {isa = PBXFileReference; lastKnownFileType = file.storyboard; name = Base; path = Base.lproj/Main.storyboard; sourceTree = "<group>"; };
		220CC3B32432A66800F711AA /* Assets.xcassets */ = {isa = PBXFileReference; lastKnownFileType = folder.assetcatalog; path = Assets.xcassets; sourceTree = "<group>"; };
		220CC3B62432A66800F711AA /* Base */ = {isa = PBXFileReference; lastKnownFileType = file.storyboard; name = Base; path = Base.lproj/LaunchScreen.storyboard; sourceTree = "<group>"; };
		220CC3B82432A66800F711AA /* Info.plist */ = {isa = PBXFileReference; lastKnownFileType = text.plist.xml; path = Info.plist; sourceTree = "<group>"; };
		220CC3BD2432A66800F711AA /* PurdueMoonboardTests.xctest */ = {isa = PBXFileReference; explicitFileType = wrapper.cfbundle; includeInIndex = 0; path = PurdueMoonboardTests.xctest; sourceTree = BUILT_PRODUCTS_DIR; };
		220CC3C12432A66800F711AA /* PurdueMoonboardTests.swift */ = {isa = PBXFileReference; lastKnownFileType = sourcecode.swift; path = PurdueMoonboardTests.swift; sourceTree = "<group>"; };
		220CC3C32432A66800F711AA /* Info.plist */ = {isa = PBXFileReference; lastKnownFileType = text.plist.xml; path = Info.plist; sourceTree = "<group>"; };
		50E395A606098C60445A8F22 /* Pods_PurdueMoonboardTests.framework */ = {isa = PBXFileReference; explicitFileType = wrapper.framework; includeInIndex = 0; path = Pods_PurdueMoonboardTests.framework; sourceTree = BUILT_PRODUCTS_DIR; };
		8FAFB6FE15BEFF2BB7A89AD8 /* Pods_PurdueMoonboard.framework */ = {isa = PBXFileReference; explicitFileType = wrapper.framework; includeInIndex = 0; path = Pods_PurdueMoonboard.framework; sourceTree = BUILT_PRODUCTS_DIR; };
		99C95AD779744074B2709631 /* Pods-PurdueMoonboardTests.release.xcconfig */ = {isa = PBXFileReference; includeInIndex = 1; lastKnownFileType = text.xcconfig; name = "Pods-PurdueMoonboardTests.release.xcconfig"; path = "Target Support Files/Pods-PurdueMoonboardTests/Pods-PurdueMoonboardTests.release.xcconfig"; sourceTree = "<group>"; };
		A13FECCD74FA1FCC7818E383 /* Pods-PurdueMoonboard.release.xcconfig */ = {isa = PBXFileReference; includeInIndex = 1; lastKnownFileType = text.xcconfig; name = "Pods-PurdueMoonboard.release.xcconfig"; path = "Target Support Files/Pods-PurdueMoonboard/Pods-PurdueMoonboard.release.xcconfig"; sourceTree = "<group>"; };
		A4A06CBE112926F0F7F42F91 /* Pods-PurdueMoonboard.debug.xcconfig */ = {isa = PBXFileReference; includeInIndex = 1; lastKnownFileType = text.xcconfig; name = "Pods-PurdueMoonboard.debug.xcconfig"; path = "Target Support Files/Pods-PurdueMoonboard/Pods-PurdueMoonboard.debug.xcconfig"; sourceTree = "<group>"; };
		B988A1E6C7B0119C17B96F00 /* Pods-PurdueMoonboardTests.debug.xcconfig */ = {isa = PBXFileReference; includeInIndex = 1; lastKnownFileType = text.xcconfig; name = "Pods-PurdueMoonboardTests.debug.xcconfig"; path = "Target Support Files/Pods-PurdueMoonboardTests/Pods-PurdueMoonboardTests.debug.xcconfig"; sourceTree = "<group>"; };
/* End PBXFileReference section */

/* Begin PBXFrameworksBuildPhase section */
		220CC3A42432A66500F711AA /* Frameworks */ = {
			isa = PBXFrameworksBuildPhase;
			buildActionMask = 2147483647;
			files = (
				3658B2C2BB320FE060AC7D70 /* Pods_PurdueMoonboard.framework in Frameworks */,
			);
			runOnlyForDeploymentPostprocessing = 0;
		};
		220CC3BA2432A66800F711AA /* Frameworks */ = {
			isa = PBXFrameworksBuildPhase;
			buildActionMask = 2147483647;
			files = (
				C5FD4A041CAC77955E653CD5 /* Pods_PurdueMoonboardTests.framework in Frameworks */,
			);
			runOnlyForDeploymentPostprocessing = 0;
		};
/* End PBXFrameworksBuildPhase section */

/* Begin PBXGroup section */
		220CC39E2432A66500F711AA = {
			isa = PBXGroup;
			children = (
				220CC3A92432A66500F711AA /* PurdueMoonboard */,
				220CC3C02432A66800F711AA /* PurdueMoonboardTests */,
				220CC3A82432A66500F711AA /* Products */,
				E221079A116ACF11CEB21B5D /* Pods */,
				A7CE872B2E32588AE25CC118 /* Frameworks */,
			);
			sourceTree = "<group>";
		};
		220CC3A82432A66500F711AA /* Products */ = {
			isa = PBXGroup;
			children = (
				220CC3A72432A66500F711AA /* PurdueMoonboard.app */,
				220CC3BD2432A66800F711AA /* PurdueMoonboardTests.xctest */,
			);
			name = Products;
			sourceTree = "<group>";
		};
		220CC3A92432A66500F711AA /* PurdueMoonboard */ = {
			isa = PBXGroup;
			children = (
				220CC3AA2432A66500F711AA /* AppDelegate.swift */,
				220CC3AC2432A66500F711AA /* SceneDelegate.swift */,
				220CC3AE2432A66500F711AA /* ViewController.swift */,
				220CC3B02432A66500F711AA /* Main.storyboard */,
				220CC3B32432A66800F711AA /* Assets.xcassets */,
				220CC3B52432A66800F711AA /* LaunchScreen.storyboard */,
				220CC3B82432A66800F711AA /* Info.plist */,
			);
			path = PurdueMoonboard;
			sourceTree = "<group>";
		};
		220CC3C02432A66800F711AA /* PurdueMoonboardTests */ = {
			isa = PBXGroup;
			children = (
				220CC3C12432A66800F711AA /* PurdueMoonboardTests.swift */,
				220CC3C32432A66800F711AA /* Info.plist */,
			);
			path = PurdueMoonboardTests;
			sourceTree = "<group>";
		};
		A7CE872B2E32588AE25CC118 /* Frameworks */ = {
			isa = PBXGroup;
			children = (
				8FAFB6FE15BEFF2BB7A89AD8 /* Pods_PurdueMoonboard.framework */,
				50E395A606098C60445A8F22 /* Pods_PurdueMoonboardTests.framework */,
			);
			name = Frameworks;
			sourceTree = "<group>";
		};
		E221079A116ACF11CEB21B5D /* Pods */ = {
			isa = PBXGroup;
			children = (
				A4A06CBE112926F0F7F42F91 /* Pods-PurdueMoonboard.debug.xcconfig */,
				A13FECCD74FA1FCC7818E383 /* Pods-PurdueMoonboard.release.xcconfig */,
				B988A1E6C7B0119C17B96F00 /* Pods-PurdueMoonboardTests.debug.xcconfig */,
				99C95AD779744074B2709631 /* Pods-PurdueMoonboardTests.release.xcconfig */,
			);
			name = Pods;
			path = Pods;
			sourceTree = "<group>";
		};
/* End PBXGroup section */

/* Begin PBXNativeTarget section */
		220CC3A62432A66500F711AA /* PurdueMoonboard */ = {
			isa = PBXNativeTarget;
			buildConfigurationList = 220CC3C62432A66800F711AA /* Build configuration list for PBXNativeTarget "PurdueMoonboard" */;
			buildPhases = (
				05995541DBCCC077A9D3100B /* [CP] Check Pods Manifest.lock */,
				220CC3A32432A66500F711AA /* Sources */,
				220CC3A42432A66500F711AA /* Frameworks */,
				220CC3A52432A66500F711AA /* Resources */,
				F26CAE39F498628ADD62C6CA /* [CP] Embed Pods Frameworks */,
			);
			buildRules = (
			);
			dependencies = (
			);
			name = PurdueMoonboard;
			productName = PurdueMoonboard;
			productReference = 220CC3A72432A66500F711AA /* PurdueMoonboard.app */;
			productType = "com.apple.product-type.application";
		};
		220CC3BC2432A66800F711AA /* PurdueMoonboardTests */ = {
			isa = PBXNativeTarget;
			buildConfigurationList = 220CC3C92432A66800F711AA /* Build configuration list for PBXNativeTarget "PurdueMoonboardTests" */;
			buildPhases = (
				A5AAEF236520FCE37F88ED68 /* [CP] Check Pods Manifest.lock */,
				220CC3B92432A66800F711AA /* Sources */,
				220CC3BA2432A66800F711AA /* Frameworks */,
				220CC3BB2432A66800F711AA /* Resources */,
			);
			buildRules = (
			);
			dependencies = (
				220CC3BF2432A66800F711AA /* PBXTargetDependency */,
			);
			name = PurdueMoonboardTests;
			productName = PurdueMoonboardTests;
			productReference = 220CC3BD2432A66800F711AA /* PurdueMoonboardTests.xctest */;
			productType = "com.apple.product-type.bundle.unit-test";
		};
/* End PBXNativeTarget section */

/* Begin PBXProject section */
		220CC39F2432A66500F711AA /* Project object */ = {
			isa = PBXProject;
			attributes = {
				LastSwiftUpdateCheck = 1140;
				LastUpgradeCheck = 1140;
				ORGANIZATIONNAME = "tarrGames()";
				TargetAttributes = {
					220CC3A62432A66500F711AA = {
						CreatedOnToolsVersion = 11.4;
					};
					220CC3BC2432A66800F711AA = {
						CreatedOnToolsVersion = 11.4;
						TestTargetID = 220CC3A62432A66500F711AA;
					};
				};
			};
			buildConfigurationList = 220CC3A22432A66500F711AA /* Build configuration list for PBXProject "PurdueMoonboard" */;
			compatibilityVersion = "Xcode 9.3";
			developmentRegion = en;
			hasScannedForEncodings = 0;
			knownRegions = (
				en,
				Base,
			);
			mainGroup = 220CC39E2432A66500F711AA;
			productRefGroup = 220CC3A82432A66500F711AA /* Products */;
			projectDirPath = "";
			projectRoot = "";
			targets = (
				220CC3A62432A66500F711AA /* PurdueMoonboard */,
				220CC3BC2432A66800F711AA /* PurdueMoonboardTests */,
			);
		};
/* End PBXProject section */

/* Begin PBXResourcesBuildPhase section */
		220CC3A52432A66500F711AA /* Resources */ = {
			isa = PBXResourcesBuildPhase;
			buildActionMask = 2147483647;
			files = (
				220CC3B72432A66800F711AA /* LaunchScreen.storyboard in Resources */,
				220CC3B42432A66800F711AA /* Assets.xcassets in Resources */,
				220CC3B22432A66500F711AA /* Main.storyboard in Resources */,
			);
			runOnlyForDeploymentPostprocessing = 0;
		};
		220CC3BB2432A66800F711AA /* Resources */ = {
			isa = PBXResourcesBuildPhase;
			buildActionMask = 2147483647;
			files = (
			);
			runOnlyForDeploymentPostprocessing = 0;
		};
/* End PBXResourcesBuildPhase section */

/* Begin PBXShellScriptBuildPhase section */
		05995541DBCCC077A9D3100B /* [CP] Check Pods Manifest.lock */ = {
			isa = PBXShellScriptBuildPhase;
			buildActionMask = 2147483647;
			files = (
			);
			inputFileListPaths = (
			);
			inputPaths = (
				"${PODS_PODFILE_DIR_PATH}/Podfile.lock",
				"${PODS_ROOT}/Manifest.lock",
			);
			name = "[CP] Check Pods Manifest.lock";
			outputFileListPaths = (
			);
			outputPaths = (
				"$(DERIVED_FILE_DIR)/Pods-PurdueMoonboard-checkManifestLockResult.txt",
			);
			runOnlyForDeploymentPostprocessing = 0;
			shellPath = /bin/sh;
			shellScript = "diff \"${PODS_PODFILE_DIR_PATH}/Podfile.lock\" \"${PODS_ROOT}/Manifest.lock\" > /dev/null\nif [ $? != 0 ] ; then\n    # print error to STDERR\n    echo \"error: The sandbox is not in sync with the Podfile.lock. Run 'pod install' or update your CocoaPods installation.\" >&2\n    exit 1\nfi\n# This output is used by Xcode 'outputs' to avoid re-running this script phase.\necho \"SUCCESS\" > \"${SCRIPT_OUTPUT_FILE_0}\"\n";
			showEnvVarsInLog = 0;
		};
		A5AAEF236520FCE37F88ED68 /* [CP] Check Pods Manifest.lock */ = {
			isa = PBXShellScriptBuildPhase;
			buildActionMask = 2147483647;
			files = (
			);
			inputFileListPaths = (
			);
			inputPaths = (
				"${PODS_PODFILE_DIR_PATH}/Podfile.lock",
				"${PODS_ROOT}/Manifest.lock",
			);
			name = "[CP] Check Pods Manifest.lock";
			outputFileListPaths = (
			);
			outputPaths = (
				"$(DERIVED_FILE_DIR)/Pods-PurdueMoonboardTests-checkManifestLockResult.txt",
			);
			runOnlyForDeploymentPostprocessing = 0;
			shellPath = /bin/sh;
			shellScript = "diff \"${PODS_PODFILE_DIR_PATH}/Podfile.lock\" \"${PODS_ROOT}/Manifest.lock\" > /dev/null\nif [ $? != 0 ] ; then\n    # print error to STDERR\n    echo \"error: The sandbox is not in sync with the Podfile.lock. Run 'pod install' or update your CocoaPods installation.\" >&2\n    exit 1\nfi\n# This output is used by Xcode 'outputs' to avoid re-running this script phase.\necho \"SUCCESS\" > \"${SCRIPT_OUTPUT_FILE_0}\"\n";
			showEnvVarsInLog = 0;
		};
		F26CAE39F498628ADD62C6CA /* [CP] Embed Pods Frameworks */ = {
			isa = PBXShellScriptBuildPhase;
			buildActionMask = 2147483647;
			files = (
			);
			inputFileListPaths = (
				"${PODS_ROOT}/Target Support Files/Pods-PurdueMoonboard/Pods-PurdueMoonboard-frameworks-${CONFIGURATION}-input-files.xcfilelist",
			);
			name = "[CP] Embed Pods Frameworks";
			outputFileListPaths = (
				"${PODS_ROOT}/Target Support Files/Pods-PurdueMoonboard/Pods-PurdueMoonboard-frameworks-${CONFIGURATION}-output-files.xcfilelist",
			);
			runOnlyForDeploymentPostprocessing = 0;
			shellPath = /bin/sh;
			shellScript = "\"${PODS_ROOT}/Target Support Files/Pods-PurdueMoonboard/Pods-PurdueMoonboard-frameworks.sh\"\n";
			showEnvVarsInLog = 0;
		};
/* End PBXShellScriptBuildPhase section */

/* Begin PBXSourcesBuildPhase section */
		220CC3A32432A66500F711AA /* Sources */ = {
			isa = PBXSourcesBuildPhase;
			buildActionMask = 2147483647;
			files = (
				220CC3AF2432A66500F711AA /* ViewController.swift in Sources */,
				220CC3AB2432A66500F711AA /* AppDelegate.swift in Sources */,
				220CC3AD2432A66500F711AA /* SceneDelegate.swift in Sources */,
			);
			runOnlyForDeploymentPostprocessing = 0;
		};
		220CC3B92432A66800F711AA /* Sources */ = {
			isa = PBXSourcesBuildPhase;
			buildActionMask = 2147483647;
			files = (
				220CC3C22432A66800F711AA /* PurdueMoonboardTests.swift in Sources */,
			);
			runOnlyForDeploymentPostprocessing = 0;
		};
/* End PBXSourcesBuildPhase section */

/* Begin PBXTargetDependency section */
		220CC3BF2432A66800F711AA /* PBXTargetDependency */ = {
			isa = PBXTargetDependency;
			target = 220CC3A62432A66500F711AA /* PurdueMoonboard */;
			targetProxy = 220CC3BE2432A66800F711AA /* PBXContainerItemProxy */;
		};
/* End PBXTargetDependency section */

/* Begin PBXVariantGroup section */
		220CC3B02432A66500F711AA /* Main.storyboard */ = {
			isa = PBXVariantGroup;
			children = (
				220CC3B12432A66500F711AA /* Base */,
			);
			name = Main.storyboard;
			sourceTree = "<group>";
		};
		220CC3B52432A66800F711AA /* LaunchScreen.storyboard */ = {
			isa = PBXVariantGroup;
			children = (
				220CC3B62432A66800F711AA /* Base */,
			);
			name = LaunchScreen.storyboard;
			sourceTree = "<group>";
		};
/* End PBXVariantGroup section */

/* Begin XCBuildConfiguration section */
		220CC3C42432A66800F711AA /* Debug */ = {
			isa = XCBuildConfiguration;
			buildSettings = {
				ALWAYS_SEARCH_USER_PATHS = NO;
				CLANG_ANALYZER_NONNULL = YES;
				CLANG_ANALYZER_NUMBER_OBJECT_CONVERSION = YES_AGGRESSIVE;
				CLANG_CXX_LANGUAGE_STANDARD = "gnu++14";
				CLANG_CXX_LIBRARY = "libc++";
				CLANG_ENABLE_MODULES = YES;
				CLANG_ENABLE_OBJC_ARC = YES;
				CLANG_ENABLE_OBJC_WEAK = YES;
				CLANG_WARN_BLOCK_CAPTURE_AUTORELEASING = YES;
				CLANG_WARN_BOOL_CONVERSION = YES;
				CLANG_WARN_COMMA = YES;
				CLANG_WARN_CONSTANT_CONVERSION = YES;
				CLANG_WARN_DEPRECATED_OBJC_IMPLEMENTATIONS = YES;
				CLANG_WARN_DIRECT_OBJC_ISA_USAGE = YES_ERROR;
				CLANG_WARN_DOCUMENTATION_COMMENTS = YES;
				CLANG_WARN_EMPTY_BODY = YES;
				CLANG_WARN_ENUM_CONVERSION = YES;
				CLANG_WARN_INFINITE_RECURSION = YES;
				CLANG_WARN_INT_CONVERSION = YES;
				CLANG_WARN_NON_LITERAL_NULL_CONVERSION = YES;
				CLANG_WARN_OBJC_IMPLICIT_RETAIN_SELF = YES;
				CLANG_WARN_OBJC_LITERAL_CONVERSION = YES;
				CLANG_WARN_OBJC_ROOT_CLASS = YES_ERROR;
				CLANG_WARN_RANGE_LOOP_ANALYSIS = YES;
				CLANG_WARN_STRICT_PROTOTYPES = YES;
				CLANG_WARN_SUSPICIOUS_MOVE = YES;
				CLANG_WARN_UNGUARDED_AVAILABILITY = YES_AGGRESSIVE;
				CLANG_WARN_UNREACHABLE_CODE = YES;
				CLANG_WARN__DUPLICATE_METHOD_MATCH = YES;
				COPY_PHASE_STRIP = NO;
				DEBUG_INFORMATION_FORMAT = dwarf;
				ENABLE_STRICT_OBJC_MSGSEND = YES;
				ENABLE_TESTABILITY = YES;
				GCC_C_LANGUAGE_STANDARD = gnu11;
				GCC_DYNAMIC_NO_PIC = NO;
				GCC_NO_COMMON_BLOCKS = YES;
				GCC_OPTIMIZATION_LEVEL = 0;
				GCC_PREPROCESSOR_DEFINITIONS = (
					"DEBUG=1",
					"$(inherited)",
				);
				GCC_WARN_64_TO_32_BIT_CONVERSION = YES;
				GCC_WARN_ABOUT_RETURN_TYPE = YES_ERROR;
				GCC_WARN_UNDECLARED_SELECTOR = YES;
				GCC_WARN_UNINITIALIZED_AUTOS = YES_AGGRESSIVE;
				GCC_WARN_UNUSED_FUNCTION = YES;
				GCC_WARN_UNUSED_VARIABLE = YES;
				IPHONEOS_DEPLOYMENT_TARGET = 13.4;
				MTL_ENABLE_DEBUG_INFO = INCLUDE_SOURCE;
				MTL_FAST_MATH = YES;
				ONLY_ACTIVE_ARCH = YES;
				SDKROOT = iphoneos;
				SWIFT_ACTIVE_COMPILATION_CONDITIONS = DEBUG;
				SWIFT_OPTIMIZATION_LEVEL = "-Onone";
			};
			name = Debug;
		};
		220CC3C52432A66800F711AA /* Release */ = {
			isa = XCBuildConfiguration;
			buildSettings = {
				ALWAYS_SEARCH_USER_PATHS = NO;
				CLANG_ANALYZER_NONNULL = YES;
				CLANG_ANALYZER_NUMBER_OBJECT_CONVERSION = YES_AGGRESSIVE;
				CLANG_CXX_LANGUAGE_STANDARD = "gnu++14";
				CLANG_CXX_LIBRARY = "libc++";
				CLANG_ENABLE_MODULES = YES;
				CLANG_ENABLE_OBJC_ARC = YES;
				CLANG_ENABLE_OBJC_WEAK = YES;
				CLANG_WARN_BLOCK_CAPTURE_AUTORELEASING = YES;
				CLANG_WARN_BOOL_CONVERSION = YES;
				CLANG_WARN_COMMA = YES;
				CLANG_WARN_CONSTANT_CONVERSION = YES;
				CLANG_WARN_DEPRECATED_OBJC_IMPLEMENTATIONS = YES;
				CLANG_WARN_DIRECT_OBJC_ISA_USAGE = YES_ERROR;
				CLANG_WARN_DOCUMENTATION_COMMENTS = YES;
				CLANG_WARN_EMPTY_BODY = YES;
				CLANG_WARN_ENUM_CONVERSION = YES;
				CLANG_WARN_INFINITE_RECURSION = YES;
				CLANG_WARN_INT_CONVERSION = YES;
				CLANG_WARN_NON_LITERAL_NULL_CONVERSION = YES;
				CLANG_WARN_OBJC_IMPLICIT_RETAIN_SELF = YES;
				CLANG_WARN_OBJC_LITERAL_CONVERSION = YES;
				CLANG_WARN_OBJC_ROOT_CLASS = YES_ERROR;
				CLANG_WARN_RANGE_LOOP_ANALYSIS = YES;
				CLANG_WARN_STRICT_PROTOTYPES = YES;
				CLANG_WARN_SUSPICIOUS_MOVE = YES;
				CLANG_WARN_UNGUARDED_AVAILABILITY = YES_AGGRESSIVE;
				CLANG_WARN_UNREACHABLE_CODE = YES;
				CLANG_WARN__DUPLICATE_METHOD_MATCH = YES;
				COPY_PHASE_STRIP = NO;
				DEBUG_INFORMATION_FORMAT = "dwarf-with-dsym";
				ENABLE_NS_ASSERTIONS = NO;
				ENABLE_STRICT_OBJC_MSGSEND = YES;
				GCC_C_LANGUAGE_STANDARD = gnu11;
				GCC_NO_COMMON_BLOCKS = YES;
				GCC_WARN_64_TO_32_BIT_CONVERSION = YES;
				GCC_WARN_ABOUT_RETURN_TYPE = YES_ERROR;
				GCC_WARN_UNDECLARED_SELECTOR = YES;
				GCC_WARN_UNINITIALIZED_AUTOS = YES_AGGRESSIVE;
				GCC_WARN_UNUSED_FUNCTION = YES;
				GCC_WARN_UNUSED_VARIABLE = YES;
				IPHONEOS_DEPLOYMENT_TARGET = 13.4;
				MTL_ENABLE_DEBUG_INFO = NO;
				MTL_FAST_MATH = YES;
				SDKROOT = iphoneos;
				SWIFT_COMPILATION_MODE = wholemodule;
				SWIFT_OPTIMIZATION_LEVEL = "-O";
				VALIDATE_PRODUCT = YES;
			};
			name = Release;
		};
		220CC3C72432A66800F711AA /* Debug */ = {
			isa = XCBuildConfiguration;
			baseConfigurationReference = A4A06CBE112926F0F7F42F91 /* Pods-PurdueMoonboard.debug.xcconfig */;
			buildSettings = {
				ASSETCATALOG_COMPILER_APPICON_NAME = AppIcon;
				CODE_SIGN_STYLE = Automatic;
				DEVELOPMENT_TEAM = 76RKBT939W;
				INFOPLIST_FILE = PurdueMoonboard/Info.plist;
				LD_RUNPATH_SEARCH_PATHS = (
					"$(inherited)",
					"@executable_path/Frameworks",
				);
				PRODUCT_BUNDLE_IDENTIFIER = tarrGames.learnView.PurdueMoonboard;
				PRODUCT_NAME = "$(TARGET_NAME)";
				SWIFT_VERSION = 5.0;
				TARGETED_DEVICE_FAMILY = "1,2";
			};
			name = Debug;
		};
		220CC3C82432A66800F711AA /* Release */ = {
			isa = XCBuildConfiguration;
			baseConfigurationReference = A13FECCD74FA1FCC7818E383 /* Pods-PurdueMoonboard.release.xcconfig */;
			buildSettings = {
				ASSETCATALOG_COMPILER_APPICON_NAME = AppIcon;
				CODE_SIGN_STYLE = Automatic;
				DEVELOPMENT_TEAM = 76RKBT939W;
				INFOPLIST_FILE = PurdueMoonboard/Info.plist;
				LD_RUNPATH_SEARCH_PATHS = (
					"$(inherited)",
					"@executable_path/Frameworks",
				);
				PRODUCT_BUNDLE_IDENTIFIER = tarrGames.learnView.PurdueMoonboard;
				PRODUCT_NAME = "$(TARGET_NAME)";
				SWIFT_VERSION = 5.0;
				TARGETED_DEVICE_FAMILY = "1,2";
			};
			name = Release;
		};
		220CC3CA2432A66800F711AA /* Debug */ = {
			isa = XCBuildConfiguration;
			baseConfigurationReference = B988A1E6C7B0119C17B96F00 /* Pods-PurdueMoonboardTests.debug.xcconfig */;
			buildSettings = {
				ALWAYS_EMBED_SWIFT_STANDARD_LIBRARIES = YES;
				BUNDLE_LOADER = "$(TEST_HOST)";
				CODE_SIGN_STYLE = Automatic;
				DEVELOPMENT_TEAM = 76RKBT939W;
				INFOPLIST_FILE = PurdueMoonboardTests/Info.plist;
				IPHONEOS_DEPLOYMENT_TARGET = 13.4;
				LD_RUNPATH_SEARCH_PATHS = (
					"$(inherited)",
					"@executable_path/Frameworks",
					"@loader_path/Frameworks",
				);
				PRODUCT_BUNDLE_IDENTIFIER = tarrGames.learnView.PurdueMoonboardTests;
				PRODUCT_NAME = "$(TARGET_NAME)";
				SWIFT_VERSION = 5.0;
				TARGETED_DEVICE_FAMILY = "1,2";
				TEST_HOST = "$(BUILT_PRODUCTS_DIR)/PurdueMoonboard.app/PurdueMoonboard";
			};
			name = Debug;
		};
		220CC3CB2432A66800F711AA /* Release */ = {
			isa = XCBuildConfiguration;
			baseConfigurationReference = 99C95AD779744074B2709631 /* Pods-PurdueMoonboardTests.release.xcconfig */;
			buildSettings = {
				ALWAYS_EMBED_SWIFT_STANDARD_LIBRARIES = YES;
				BUNDLE_LOADER = "$(TEST_HOST)";
				CODE_SIGN_STYLE = Automatic;
				DEVELOPMENT_TEAM = 76RKBT939W;
				INFOPLIST_FILE = PurdueMoonboardTests/Info.plist;
				IPHONEOS_DEPLOYMENT_TARGET = 13.4;
				LD_RUNPATH_SEARCH_PATHS = (
					"$(inherited)",
					"@executable_path/Frameworks",
					"@loader_path/Frameworks",
				);
				PRODUCT_BUNDLE_IDENTIFIER = tarrGames.learnView.PurdueMoonboardTests;
				PRODUCT_NAME = "$(TARGET_NAME)";
				SWIFT_VERSION = 5.0;
				TARGETED_DEVICE_FAMILY = "1,2";
				TEST_HOST = "$(BUILT_PRODUCTS_DIR)/PurdueMoonboard.app/PurdueMoonboard";
			};
			name = Release;
		};
/* End XCBuildConfiguration section */

/* Begin XCConfigurationList section */
		220CC3A22432A66500F711AA /* Build configuration list for PBXProject "PurdueMoonboard" */ = {
			isa = XCConfigurationList;
			buildConfigurations = (
				220CC3C42432A66800F711AA /* Debug */,
				220CC3C52432A66800F711AA /* Release */,
			);
			defaultConfigurationIsVisible = 0;
			defaultConfigurationName = Release;
		};
		220CC3C62432A66800F711AA /* Build configuration list for PBXNativeTarget "PurdueMoonboard" */ = {
			isa = XCConfigurationList;
			buildConfigurations = (
				220CC3C72432A66800F711AA /* Debug */,
				220CC3C82432A66800F711AA /* Release */,
			);
			defaultConfigurationIsVisible = 0;
			defaultConfigurationName = Release;
		};
		220CC3C92432A66800F711AA /* Build configuration list for PBXNativeTarget "PurdueMoonboardTests" */ = {
			isa = XCConfigurationList;
			buildConfigurations = (
				220CC3CA2432A66800F711AA /* Debug */,
				220CC3CB2432A66800F711AA /* Release */,
			);
			defaultConfigurationIsVisible = 0;
			defaultConfigurationName = Release;
		};
/* End XCConfigurationList section */
	};
	rootObject = 220CC39F2432A66500F711AA /* Project object */;
}
